// !$*UTF8*$!
{
	archiveVersion = 1;
	classes = {
	};
	objectVersion = 55;
	objects = {

/* Begin PBXBuildFile section */
		341F620B27C8645C00296C49 /* UserDefaults+.swift in Sources */ = {isa = PBXBuildFile; fileRef = 341F620A27C8645C00296C49 /* UserDefaults+.swift */; };
		34309F4227C85B6300F54FE3 /* MainViewController.swift in Sources */ = {isa = PBXBuildFile; fileRef = 34309F4127C85B6300F54FE3 /* MainViewController.swift */; };
		34309F4727C85BDE00F54FE3 /* HomeViewController.swift in Sources */ = {isa = PBXBuildFile; fileRef = 34309F4627C85BDE00F54FE3 /* HomeViewController.swift */; };
		34309F4927C85BEB00F54FE3 /* ShareViewController.swift in Sources */ = {isa = PBXBuildFile; fileRef = 34309F4827C85BEB00F54FE3 /* ShareViewController.swift */; };
		34309F4B27C85BF500F54FE3 /* SettingsViewController.swift in Sources */ = {isa = PBXBuildFile; fileRef = 34309F4A27C85BF500F54FE3 /* SettingsViewController.swift */; };
		34309F4D27C85C4F00F54FE3 /* HomeViewModel.swift in Sources */ = {isa = PBXBuildFile; fileRef = 34309F4C27C85C4F00F54FE3 /* HomeViewModel.swift */; };
		34309F4F27C85C6500F54FE3 /* ShareViewModel.swift in Sources */ = {isa = PBXBuildFile; fileRef = 34309F4E27C85C6500F54FE3 /* ShareViewModel.swift */; };
		34309F5127C85C7700F54FE3 /* SettingsViewModel.swift in Sources */ = {isa = PBXBuildFile; fileRef = 34309F5027C85C7700F54FE3 /* SettingsViewModel.swift */; };
		3EB0B354489CE90012055769 /* Pods_MoodStation.framework in Frameworks */ = {isa = PBXBuildFile; fileRef = BCE592448F23982F1C098EE8 /* Pods_MoodStation.framework */; };
		5C3D1569CEA1FB53139F4818 /* Pods_MoodStation_MoodStationUITests.framework in Frameworks */ = {isa = PBXBuildFile; fileRef = 7E9AEBEF8539A77A071E7B7D /* Pods_MoodStation_MoodStationUITests.framework */; };
		761E7951A7DA378270FC9C29 /* Pods_MoodStationTests.framework in Frameworks */ = {isa = PBXBuildFile; fileRef = 9094B0114BF82207A6E84CEB /* Pods_MoodStationTests.framework */; };
		A903D23727D357D200B3BF3C /* LeftAlignedCollectionViewFlowLayout.swift in Sources */ = {isa = PBXBuildFile; fileRef = A903D23627D357D200B3BF3C /* LeftAlignedCollectionViewFlowLayout.swift */; };
		A91FDA7527DB2BA6003542A2 /* MonthlyBundle.swift in Sources */ = {isa = PBXBuildFile; fileRef = A91FDA7427DB2BA6003542A2 /* MonthlyBundle.swift */; };
		A91FDA7727DB2C5B003542A2 /* DateHandler.swift in Sources */ = {isa = PBXBuildFile; fileRef = A91FDA7627DB2C5B003542A2 /* DateHandler.swift */; };
		A91FDA7927DB3771003542A2 /* UIView+.swift in Sources */ = {isa = PBXBuildFile; fileRef = A91FDA7827DB3771003542A2 /* UIView+.swift */; };
		A91FDA7B27DCA11C003542A2 /* RecordListHeaderView.swift in Sources */ = {isa = PBXBuildFile; fileRef = A91FDA7A27DCA11C003542A2 /* RecordListHeaderView.swift */; };
		A91FDA7D27DCA1DD003542A2 /* RecordListEmptyCell.swift in Sources */ = {isa = PBXBuildFile; fileRef = A91FDA7C27DCA1DD003542A2 /* RecordListEmptyCell.swift */; };
		A92B615427CFA9EE001FBE3E /* RecordListCell.swift in Sources */ = {isa = PBXBuildFile; fileRef = A92B615327CFA9EE001FBE3E /* RecordListCell.swift */; };
		A92B615627CFAA0B001FBE3E /* Configurable.swift in Sources */ = {isa = PBXBuildFile; fileRef = A92B615527CFAA0B001FBE3E /* Configurable.swift */; };
		A92B615827CFAAFA001FBE3E /* KeywordCollectionCell.swift in Sources */ = {isa = PBXBuildFile; fileRef = A92B615727CFAAFA001FBE3E /* KeywordCollectionCell.swift */; };
		A92B615C27CFAB89001FBE3E /* NSObject+.swift in Sources */ = {isa = PBXBuildFile; fileRef = A92B615B27CFAB89001FBE3E /* NSObject+.swift */; };
		A93DB85327DE31EC00C6920B /* CrewInfoViewController.swift in Sources */ = {isa = PBXBuildFile; fileRef = A93DB85227DE31EC00C6920B /* CrewInfoViewController.swift */; };
		A93DB85527DE321200C6920B /* CrewInfoViewModel.swift in Sources */ = {isa = PBXBuildFile; fileRef = A93DB85427DE321200C6920B /* CrewInfoViewModel.swift */; };
		A93DB85727DE328C00C6920B /* UserTableViewCell.swift in Sources */ = {isa = PBXBuildFile; fileRef = A93DB85627DE328C00C6920B /* UserTableViewCell.swift */; };
		A963E63227C648A200DAF770 /* AppDelegate.swift in Sources */ = {isa = PBXBuildFile; fileRef = A963E63127C648A200DAF770 /* AppDelegate.swift */; };
		A963E63427C648A200DAF770 /* SceneDelegate.swift in Sources */ = {isa = PBXBuildFile; fileRef = A963E63327C648A200DAF770 /* SceneDelegate.swift */; };
		A963E63B27C648A300DAF770 /* Assets.xcassets in Resources */ = {isa = PBXBuildFile; fileRef = A963E63A27C648A300DAF770 /* Assets.xcassets */; };
		A963E63E27C648A300DAF770 /* LaunchScreen.storyboard in Resources */ = {isa = PBXBuildFile; fileRef = A963E63C27C648A300DAF770 /* LaunchScreen.storyboard */; };
		A963E64927C648A400DAF770 /* MoodStationTests.swift in Sources */ = {isa = PBXBuildFile; fileRef = A963E64827C648A400DAF770 /* MoodStationTests.swift */; };
		A963E65327C648A400DAF770 /* MoodStationUITests.swift in Sources */ = {isa = PBXBuildFile; fileRef = A963E65227C648A400DAF770 /* MoodStationUITests.swift */; };
		A963E65527C648A400DAF770 /* MoodStationUITestsLaunchTests.swift in Sources */ = {isa = PBXBuildFile; fileRef = A963E65427C648A400DAF770 /* MoodStationUITestsLaunchTests.swift */; };
		A997605F27DF33A9008F70E2 /* CrewInfoView.swift in Sources */ = {isa = PBXBuildFile; fileRef = A997605E27DF33A9008F70E2 /* CrewInfoView.swift */; };
		A997606527DF66E5008F70E2 /* SettingsView.swift in Sources */ = {isa = PBXBuildFile; fileRef = A997606427DF66E5008F70E2 /* SettingsView.swift */; };
		A997606727DF67E0008F70E2 /* SettingsListViewCell.swift in Sources */ = {isa = PBXBuildFile; fileRef = A997606627DF67E0008F70E2 /* SettingsListViewCell.swift */; };
		A997606A27DF7026008F70E2 /* ContactViewController.swift in Sources */ = {isa = PBXBuildFile; fileRef = A997606927DF7026008F70E2 /* ContactViewController.swift */; };
		A997606E27DF7684008F70E2 /* HomeView.swift in Sources */ = {isa = PBXBuildFile; fileRef = A997606D27DF7684008F70E2 /* HomeView.swift */; };
		A999D4AE27E0C60B001A6AE3 /* ContactView.swift in Sources */ = {isa = PBXBuildFile; fileRef = A999D4AD27E0C60B001A6AE3 /* ContactView.swift */; };
		F11A10A427C651CE00E29A24 /* UIColor+.swift in Sources */ = {isa = PBXBuildFile; fileRef = F11A10A327C651CE00E29A24 /* UIColor+.swift */; };
		F11A10A727C65A9100E29A24 /* Record.swift in Sources */ = {isa = PBXBuildFile; fileRef = F11A10A627C65A9100E29A24 /* Record.swift */; };
		F11A10A927C65A9800E29A24 /* Repository.swift in Sources */ = {isa = PBXBuildFile; fileRef = F11A10A827C65A9800E29A24 /* Repository.swift */; };
		F11A10AB27C65AA100E29A24 /* ServerRepository.swift in Sources */ = {isa = PBXBuildFile; fileRef = F11A10AA27C65AA100E29A24 /* ServerRepository.swift */; };
		F11A10AF27C7A5A100E29A24 /* IntroViewController.swift in Sources */ = {isa = PBXBuildFile; fileRef = F11A10AE27C7A5A100E29A24 /* IntroViewController.swift */; };
		F11A10B127C7AA8A00E29A24 /* UIFont+.swift in Sources */ = {isa = PBXBuildFile; fileRef = F11A10B027C7AA8A00E29A24 /* UIFont+.swift */; };
		F11A10C227CDF44500E29A24 /* SignInViewController.swift in Sources */ = {isa = PBXBuildFile; fileRef = F11A10C127CDF44500E29A24 /* SignInViewController.swift */; };
		F11A10C427CDF44B00E29A24 /* SignInViewModel.swift in Sources */ = {isa = PBXBuildFile; fileRef = F11A10C327CDF44B00E29A24 /* SignInViewModel.swift */; };
		F11A10C627CDF45B00E29A24 /* SignUpViewModel.swift in Sources */ = {isa = PBXBuildFile; fileRef = F11A10C527CDF45B00E29A24 /* SignUpViewModel.swift */; };
		F11A10C827CDF46100E29A24 /* SignUpViewController.swift in Sources */ = {isa = PBXBuildFile; fileRef = F11A10C727CDF46100E29A24 /* SignUpViewController.swift */; };
		F11A10CA27CDF54E00E29A24 /* SignInView.swift in Sources */ = {isa = PBXBuildFile; fileRef = F11A10C927CDF54E00E29A24 /* SignInView.swift */; };
		F11A10CC27CE01E000E29A24 /* SignUpView.swift in Sources */ = {isa = PBXBuildFile; fileRef = F11A10CB27CE01E000E29A24 /* SignUpView.swift */; };
		F11A10E527D337A900E29A24 /* NavigationView.swift in Sources */ = {isa = PBXBuildFile; fileRef = F11A10E427D337A900E29A24 /* NavigationView.swift */; };
		F11A10E727D37C1400E29A24 /* TextOnlyTableViewCell.swift in Sources */ = {isa = PBXBuildFile; fileRef = F11A10E627D37C1400E29A24 /* TextOnlyTableViewCell.swift */; };
		F11A10E927D3805100E29A24 /* TextFieldOnlyTableViewCell.swift in Sources */ = {isa = PBXBuildFile; fileRef = F11A10E827D3805100E29A24 /* TextFieldOnlyTableViewCell.swift */; };
		F11A10EB27D3843F00E29A24 /* UITableView+.swift in Sources */ = {isa = PBXBuildFile; fileRef = F11A10EA27D3843F00E29A24 /* UITableView+.swift */; };
		F11A10ED27D3875100E29A24 /* Array+.swift in Sources */ = {isa = PBXBuildFile; fileRef = F11A10EC27D3875100E29A24 /* Array+.swift */; };
		F11A10F027D4734400E29A24 /* RecordViewController.swift in Sources */ = {isa = PBXBuildFile; fileRef = F11A10EF27D4734400E29A24 /* RecordViewController.swift */; };
		F11A10F227D4734A00E29A24 /* RecordViewModel.swift in Sources */ = {isa = PBXBuildFile; fileRef = F11A10F127D4734A00E29A24 /* RecordViewModel.swift */; };
		F11A10F427D4734F00E29A24 /* RecordView.swift in Sources */ = {isa = PBXBuildFile; fileRef = F11A10F327D4734F00E29A24 /* RecordView.swift */; };
		F11A10F727D473C900E29A24 /* UICollectionView+.swift in Sources */ = {isa = PBXBuildFile; fileRef = F11A10F627D473C900E29A24 /* UICollectionView+.swift */; };
		F11A10F927D4746F00E29A24 /* TextOnlyCollectionViewCell.swift in Sources */ = {isa = PBXBuildFile; fileRef = F11A10F827D4746F00E29A24 /* TextOnlyCollectionViewCell.swift */; };
		F11A10FB27D4799600E29A24 /* RecordColorChipsCell.swift in Sources */ = {isa = PBXBuildFile; fileRef = F11A10FA27D4799600E29A24 /* RecordColorChipsCell.swift */; };
		F11A10FD27D479B800E29A24 /* RecordKeywordCell.swift in Sources */ = {isa = PBXBuildFile; fileRef = F11A10FC27D479B800E29A24 /* RecordKeywordCell.swift */; };
		F11A110027D47A3800E29A24 /* RecordImageViewCell.swift in Sources */ = {isa = PBXBuildFile; fileRef = F11A10FF27D47A3800E29A24 /* RecordImageViewCell.swift */; };
		F11A110227D47A4C00E29A24 /* RecordSingleRecordingCell.swift in Sources */ = {isa = PBXBuildFile; fileRef = F11A110127D47A4C00E29A24 /* RecordSingleRecordingCell.swift */; };
		F11A110427D4814000E29A24 /* RecordColorChipCollectionViewCell.swift in Sources */ = {isa = PBXBuildFile; fileRef = F11A110327D4814000E29A24 /* RecordColorChipCollectionViewCell.swift */; };
		F11A110627D4871B00E29A24 /* AttributedString+.swift in Sources */ = {isa = PBXBuildFile; fileRef = F11A110527D4871B00E29A24 /* AttributedString+.swift */; };
		F11A110927DC596E00E29A24 /* RecordCalendarView.swift in Sources */ = {isa = PBXBuildFile; fileRef = F11A110827DC596E00E29A24 /* RecordCalendarView.swift */; };
		F11A110B27DC5E7500E29A24 /* RecordCalendarWeeklyCollectionCell.swift in Sources */ = {isa = PBXBuildFile; fileRef = F11A110A27DC5E7500E29A24 /* RecordCalendarWeeklyCollectionCell.swift */; };
		F11A110D27DC5E9800E29A24 /* RecordCalendarDayCollectionViewCell.swift in Sources */ = {isa = PBXBuildFile; fileRef = F11A110C27DC5E9800E29A24 /* RecordCalendarDayCollectionViewCell.swift */; };
		F11A110F27DC667300E29A24 /* RecordCalendarViewModel.swift in Sources */ = {isa = PBXBuildFile; fileRef = F11A110E27DC667300E29A24 /* RecordCalendarViewModel.swift */; };
/* End PBXBuildFile section */

/* Begin PBXContainerItemProxy section */
		A963E64527C648A400DAF770 /* PBXContainerItemProxy */ = {
			isa = PBXContainerItemProxy;
			containerPortal = A963E62627C648A200DAF770 /* Project object */;
			proxyType = 1;
			remoteGlobalIDString = A963E62D27C648A200DAF770;
			remoteInfo = MoodStation;
		};
		A963E64F27C648A400DAF770 /* PBXContainerItemProxy */ = {
			isa = PBXContainerItemProxy;
			containerPortal = A963E62627C648A200DAF770 /* Project object */;
			proxyType = 1;
			remoteGlobalIDString = A963E62D27C648A200DAF770;
			remoteInfo = MoodStation;
		};
/* End PBXContainerItemProxy section */

/* Begin PBXFileReference section */
		16F377E057AB68E8A586A76F /* Pods-MoodStation-MoodStationUITests.release.xcconfig */ = {isa = PBXFileReference; includeInIndex = 1; lastKnownFileType = text.xcconfig; name = "Pods-MoodStation-MoodStationUITests.release.xcconfig"; path = "Target Support Files/Pods-MoodStation-MoodStationUITests/Pods-MoodStation-MoodStationUITests.release.xcconfig"; sourceTree = "<group>"; };
		2E80FF9C16305F3E518A7761 /* Pods-MoodStation-MoodStationUITests.debug.xcconfig */ = {isa = PBXFileReference; includeInIndex = 1; lastKnownFileType = text.xcconfig; name = "Pods-MoodStation-MoodStationUITests.debug.xcconfig"; path = "Target Support Files/Pods-MoodStation-MoodStationUITests/Pods-MoodStation-MoodStationUITests.debug.xcconfig"; sourceTree = "<group>"; };
		341F620A27C8645C00296C49 /* UserDefaults+.swift */ = {isa = PBXFileReference; lastKnownFileType = sourcecode.swift; path = "UserDefaults+.swift"; sourceTree = "<group>"; };
		34309F4127C85B6300F54FE3 /* MainViewController.swift */ = {isa = PBXFileReference; lastKnownFileType = sourcecode.swift; path = MainViewController.swift; sourceTree = "<group>"; };
		34309F4627C85BDE00F54FE3 /* HomeViewController.swift */ = {isa = PBXFileReference; lastKnownFileType = sourcecode.swift; path = HomeViewController.swift; sourceTree = "<group>"; };
		34309F4827C85BEB00F54FE3 /* ShareViewController.swift */ = {isa = PBXFileReference; lastKnownFileType = sourcecode.swift; path = ShareViewController.swift; sourceTree = "<group>"; };
		34309F4A27C85BF500F54FE3 /* SettingsViewController.swift */ = {isa = PBXFileReference; lastKnownFileType = sourcecode.swift; path = SettingsViewController.swift; sourceTree = "<group>"; };
		34309F4C27C85C4F00F54FE3 /* HomeViewModel.swift */ = {isa = PBXFileReference; lastKnownFileType = sourcecode.swift; path = HomeViewModel.swift; sourceTree = "<group>"; };
		34309F4E27C85C6500F54FE3 /* ShareViewModel.swift */ = {isa = PBXFileReference; lastKnownFileType = sourcecode.swift; path = ShareViewModel.swift; sourceTree = "<group>"; };
		34309F5027C85C7700F54FE3 /* SettingsViewModel.swift */ = {isa = PBXFileReference; lastKnownFileType = sourcecode.swift; path = SettingsViewModel.swift; sourceTree = "<group>"; };
		49832C8378816691891F40D3 /* Pods-MoodStationTests.debug.xcconfig */ = {isa = PBXFileReference; includeInIndex = 1; lastKnownFileType = text.xcconfig; name = "Pods-MoodStationTests.debug.xcconfig"; path = "Target Support Files/Pods-MoodStationTests/Pods-MoodStationTests.debug.xcconfig"; sourceTree = "<group>"; };
		7E9AEBEF8539A77A071E7B7D /* Pods_MoodStation_MoodStationUITests.framework */ = {isa = PBXFileReference; explicitFileType = wrapper.framework; includeInIndex = 0; path = Pods_MoodStation_MoodStationUITests.framework; sourceTree = BUILT_PRODUCTS_DIR; };
		8554F1D67D75FDAA6530D087 /* Pods-MoodStation.debug.xcconfig */ = {isa = PBXFileReference; includeInIndex = 1; lastKnownFileType = text.xcconfig; name = "Pods-MoodStation.debug.xcconfig"; path = "Target Support Files/Pods-MoodStation/Pods-MoodStation.debug.xcconfig"; sourceTree = "<group>"; };
		88AE66616A50C489F5F9196F /* Pods-MoodStation.release.xcconfig */ = {isa = PBXFileReference; includeInIndex = 1; lastKnownFileType = text.xcconfig; name = "Pods-MoodStation.release.xcconfig"; path = "Target Support Files/Pods-MoodStation/Pods-MoodStation.release.xcconfig"; sourceTree = "<group>"; };
		9094B0114BF82207A6E84CEB /* Pods_MoodStationTests.framework */ = {isa = PBXFileReference; explicitFileType = wrapper.framework; includeInIndex = 0; path = Pods_MoodStationTests.framework; sourceTree = BUILT_PRODUCTS_DIR; };
		A903D23627D357D200B3BF3C /* LeftAlignedCollectionViewFlowLayout.swift */ = {isa = PBXFileReference; lastKnownFileType = sourcecode.swift; path = LeftAlignedCollectionViewFlowLayout.swift; sourceTree = "<group>"; };
		A91FDA7427DB2BA6003542A2 /* MonthlyBundle.swift */ = {isa = PBXFileReference; lastKnownFileType = sourcecode.swift; path = MonthlyBundle.swift; sourceTree = "<group>"; };
		A91FDA7627DB2C5B003542A2 /* DateHandler.swift */ = {isa = PBXFileReference; lastKnownFileType = sourcecode.swift; path = DateHandler.swift; sourceTree = "<group>"; };
		A91FDA7827DB3771003542A2 /* UIView+.swift */ = {isa = PBXFileReference; lastKnownFileType = sourcecode.swift; path = "UIView+.swift"; sourceTree = "<group>"; };
		A91FDA7A27DCA11C003542A2 /* RecordListHeaderView.swift */ = {isa = PBXFileReference; lastKnownFileType = sourcecode.swift; path = RecordListHeaderView.swift; sourceTree = "<group>"; };
		A91FDA7C27DCA1DD003542A2 /* RecordListEmptyCell.swift */ = {isa = PBXFileReference; lastKnownFileType = sourcecode.swift; path = RecordListEmptyCell.swift; sourceTree = "<group>"; };
		A92B615327CFA9EE001FBE3E /* RecordListCell.swift */ = {isa = PBXFileReference; lastKnownFileType = sourcecode.swift; path = RecordListCell.swift; sourceTree = "<group>"; };
		A92B615527CFAA0B001FBE3E /* Configurable.swift */ = {isa = PBXFileReference; lastKnownFileType = sourcecode.swift; path = Configurable.swift; sourceTree = "<group>"; };
		A92B615727CFAAFA001FBE3E /* KeywordCollectionCell.swift */ = {isa = PBXFileReference; lastKnownFileType = sourcecode.swift; path = KeywordCollectionCell.swift; sourceTree = "<group>"; };
		A92B615B27CFAB89001FBE3E /* NSObject+.swift */ = {isa = PBXFileReference; lastKnownFileType = sourcecode.swift; path = "NSObject+.swift"; sourceTree = "<group>"; };
		A93DB85227DE31EC00C6920B /* CrewInfoViewController.swift */ = {isa = PBXFileReference; lastKnownFileType = sourcecode.swift; path = CrewInfoViewController.swift; sourceTree = "<group>"; };
		A93DB85427DE321200C6920B /* CrewInfoViewModel.swift */ = {isa = PBXFileReference; lastKnownFileType = sourcecode.swift; path = CrewInfoViewModel.swift; sourceTree = "<group>"; };
		A93DB85627DE328C00C6920B /* UserTableViewCell.swift */ = {isa = PBXFileReference; lastKnownFileType = sourcecode.swift; path = UserTableViewCell.swift; sourceTree = "<group>"; };
		A963E62E27C648A200DAF770 /* MoodStation.app */ = {isa = PBXFileReference; explicitFileType = wrapper.application; includeInIndex = 0; path = MoodStation.app; sourceTree = BUILT_PRODUCTS_DIR; };
		A963E63127C648A200DAF770 /* AppDelegate.swift */ = {isa = PBXFileReference; lastKnownFileType = sourcecode.swift; path = AppDelegate.swift; sourceTree = "<group>"; };
		A963E63327C648A200DAF770 /* SceneDelegate.swift */ = {isa = PBXFileReference; lastKnownFileType = sourcecode.swift; path = SceneDelegate.swift; sourceTree = "<group>"; };
		A963E63A27C648A300DAF770 /* Assets.xcassets */ = {isa = PBXFileReference; lastKnownFileType = folder.assetcatalog; path = Assets.xcassets; sourceTree = "<group>"; };
		A963E63D27C648A300DAF770 /* Base */ = {isa = PBXFileReference; lastKnownFileType = file.storyboard; name = Base; path = Base.lproj/LaunchScreen.storyboard; sourceTree = "<group>"; };
		A963E63F27C648A300DAF770 /* Info.plist */ = {isa = PBXFileReference; lastKnownFileType = text.plist.xml; path = Info.plist; sourceTree = "<group>"; };
		A963E64427C648A400DAF770 /* MoodStationTests.xctest */ = {isa = PBXFileReference; explicitFileType = wrapper.cfbundle; includeInIndex = 0; path = MoodStationTests.xctest; sourceTree = BUILT_PRODUCTS_DIR; };
		A963E64827C648A400DAF770 /* MoodStationTests.swift */ = {isa = PBXFileReference; lastKnownFileType = sourcecode.swift; path = MoodStationTests.swift; sourceTree = "<group>"; };
		A963E64E27C648A400DAF770 /* MoodStationUITests.xctest */ = {isa = PBXFileReference; explicitFileType = wrapper.cfbundle; includeInIndex = 0; path = MoodStationUITests.xctest; sourceTree = BUILT_PRODUCTS_DIR; };
		A963E65227C648A400DAF770 /* MoodStationUITests.swift */ = {isa = PBXFileReference; lastKnownFileType = sourcecode.swift; path = MoodStationUITests.swift; sourceTree = "<group>"; };
		A963E65427C648A400DAF770 /* MoodStationUITestsLaunchTests.swift */ = {isa = PBXFileReference; lastKnownFileType = sourcecode.swift; path = MoodStationUITestsLaunchTests.swift; sourceTree = "<group>"; };
		A997605E27DF33A9008F70E2 /* CrewInfoView.swift */ = {isa = PBXFileReference; lastKnownFileType = sourcecode.swift; path = CrewInfoView.swift; sourceTree = "<group>"; };
		A997606427DF66E5008F70E2 /* SettingsView.swift */ = {isa = PBXFileReference; lastKnownFileType = sourcecode.swift; path = SettingsView.swift; sourceTree = "<group>"; };
		A997606627DF67E0008F70E2 /* SettingsListViewCell.swift */ = {isa = PBXFileReference; lastKnownFileType = sourcecode.swift; path = SettingsListViewCell.swift; sourceTree = "<group>"; };
		A997606927DF7026008F70E2 /* ContactViewController.swift */ = {isa = PBXFileReference; lastKnownFileType = sourcecode.swift; path = ContactViewController.swift; sourceTree = "<group>"; };
		A997606D27DF7684008F70E2 /* HomeView.swift */ = {isa = PBXFileReference; lastKnownFileType = sourcecode.swift; path = HomeView.swift; sourceTree = "<group>"; };
		A999D4AD27E0C60B001A6AE3 /* ContactView.swift */ = {isa = PBXFileReference; lastKnownFileType = sourcecode.swift; path = ContactView.swift; sourceTree = "<group>"; };
		BCE592448F23982F1C098EE8 /* Pods_MoodStation.framework */ = {isa = PBXFileReference; explicitFileType = wrapper.framework; includeInIndex = 0; path = Pods_MoodStation.framework; sourceTree = BUILT_PRODUCTS_DIR; };
		D6278565DA2671DBE78CF191 /* Pods-MoodStationTests.release.xcconfig */ = {isa = PBXFileReference; includeInIndex = 1; lastKnownFileType = text.xcconfig; name = "Pods-MoodStationTests.release.xcconfig"; path = "Target Support Files/Pods-MoodStationTests/Pods-MoodStationTests.release.xcconfig"; sourceTree = "<group>"; };
		F11A10A327C651CE00E29A24 /* UIColor+.swift */ = {isa = PBXFileReference; lastKnownFileType = sourcecode.swift; path = "UIColor+.swift"; sourceTree = "<group>"; };
		F11A10A627C65A9100E29A24 /* Record.swift */ = {isa = PBXFileReference; lastKnownFileType = sourcecode.swift; path = Record.swift; sourceTree = "<group>"; };
		F11A10A827C65A9800E29A24 /* Repository.swift */ = {isa = PBXFileReference; lastKnownFileType = sourcecode.swift; path = Repository.swift; sourceTree = "<group>"; };
		F11A10AA27C65AA100E29A24 /* ServerRepository.swift */ = {isa = PBXFileReference; lastKnownFileType = sourcecode.swift; path = ServerRepository.swift; sourceTree = "<group>"; };
		F11A10AE27C7A5A100E29A24 /* IntroViewController.swift */ = {isa = PBXFileReference; lastKnownFileType = sourcecode.swift; path = IntroViewController.swift; sourceTree = "<group>"; };
		F11A10B027C7AA8A00E29A24 /* UIFont+.swift */ = {isa = PBXFileReference; lastKnownFileType = sourcecode.swift; path = "UIFont+.swift"; sourceTree = "<group>"; };
		F11A10C127CDF44500E29A24 /* SignInViewController.swift */ = {isa = PBXFileReference; lastKnownFileType = sourcecode.swift; path = SignInViewController.swift; sourceTree = "<group>"; };
		F11A10C327CDF44B00E29A24 /* SignInViewModel.swift */ = {isa = PBXFileReference; lastKnownFileType = sourcecode.swift; path = SignInViewModel.swift; sourceTree = "<group>"; };
		F11A10C527CDF45B00E29A24 /* SignUpViewModel.swift */ = {isa = PBXFileReference; lastKnownFileType = sourcecode.swift; path = SignUpViewModel.swift; sourceTree = "<group>"; };
		F11A10C727CDF46100E29A24 /* SignUpViewController.swift */ = {isa = PBXFileReference; lastKnownFileType = sourcecode.swift; path = SignUpViewController.swift; sourceTree = "<group>"; };
		F11A10C927CDF54E00E29A24 /* SignInView.swift */ = {isa = PBXFileReference; lastKnownFileType = sourcecode.swift; path = SignInView.swift; sourceTree = "<group>"; };
		F11A10CB27CE01E000E29A24 /* SignUpView.swift */ = {isa = PBXFileReference; lastKnownFileType = sourcecode.swift; path = SignUpView.swift; sourceTree = "<group>"; };
		F11A10E427D337A900E29A24 /* NavigationView.swift */ = {isa = PBXFileReference; lastKnownFileType = sourcecode.swift; path = NavigationView.swift; sourceTree = "<group>"; };
		F11A10E627D37C1400E29A24 /* TextOnlyTableViewCell.swift */ = {isa = PBXFileReference; lastKnownFileType = sourcecode.swift; path = TextOnlyTableViewCell.swift; sourceTree = "<group>"; };
		F11A10E827D3805100E29A24 /* TextFieldOnlyTableViewCell.swift */ = {isa = PBXFileReference; lastKnownFileType = sourcecode.swift; path = TextFieldOnlyTableViewCell.swift; sourceTree = "<group>"; };
		F11A10EA27D3843F00E29A24 /* UITableView+.swift */ = {isa = PBXFileReference; lastKnownFileType = sourcecode.swift; path = "UITableView+.swift"; sourceTree = "<group>"; };
		F11A10EC27D3875100E29A24 /* Array+.swift */ = {isa = PBXFileReference; lastKnownFileType = sourcecode.swift; path = "Array+.swift"; sourceTree = "<group>"; };
		F11A10EF27D4734400E29A24 /* RecordViewController.swift */ = {isa = PBXFileReference; lastKnownFileType = sourcecode.swift; path = RecordViewController.swift; sourceTree = "<group>"; };
		F11A10F127D4734A00E29A24 /* RecordViewModel.swift */ = {isa = PBXFileReference; lastKnownFileType = sourcecode.swift; path = RecordViewModel.swift; sourceTree = "<group>"; };
		F11A10F327D4734F00E29A24 /* RecordView.swift */ = {isa = PBXFileReference; lastKnownFileType = sourcecode.swift; path = RecordView.swift; sourceTree = "<group>"; };
		F11A10F627D473C900E29A24 /* UICollectionView+.swift */ = {isa = PBXFileReference; lastKnownFileType = sourcecode.swift; path = "UICollectionView+.swift"; sourceTree = "<group>"; };
		F11A10F827D4746F00E29A24 /* TextOnlyCollectionViewCell.swift */ = {isa = PBXFileReference; lastKnownFileType = sourcecode.swift; path = TextOnlyCollectionViewCell.swift; sourceTree = "<group>"; };
		F11A10FA27D4799600E29A24 /* RecordColorChipsCell.swift */ = {isa = PBXFileReference; lastKnownFileType = sourcecode.swift; path = RecordColorChipsCell.swift; sourceTree = "<group>"; };
		F11A10FC27D479B800E29A24 /* RecordKeywordCell.swift */ = {isa = PBXFileReference; lastKnownFileType = sourcecode.swift; path = RecordKeywordCell.swift; sourceTree = "<group>"; };
		F11A10FF27D47A3800E29A24 /* RecordImageViewCell.swift */ = {isa = PBXFileReference; lastKnownFileType = sourcecode.swift; path = RecordImageViewCell.swift; sourceTree = "<group>"; };
		F11A110127D47A4C00E29A24 /* RecordSingleRecordingCell.swift */ = {isa = PBXFileReference; lastKnownFileType = sourcecode.swift; path = RecordSingleRecordingCell.swift; sourceTree = "<group>"; };
		F11A110327D4814000E29A24 /* RecordColorChipCollectionViewCell.swift */ = {isa = PBXFileReference; lastKnownFileType = sourcecode.swift; path = RecordColorChipCollectionViewCell.swift; sourceTree = "<group>"; };
		F11A110527D4871B00E29A24 /* AttributedString+.swift */ = {isa = PBXFileReference; lastKnownFileType = sourcecode.swift; path = "AttributedString+.swift"; sourceTree = "<group>"; };
		F11A110827DC596E00E29A24 /* RecordCalendarView.swift */ = {isa = PBXFileReference; lastKnownFileType = sourcecode.swift; path = RecordCalendarView.swift; sourceTree = "<group>"; };
		F11A110A27DC5E7500E29A24 /* RecordCalendarWeeklyCollectionCell.swift */ = {isa = PBXFileReference; lastKnownFileType = sourcecode.swift; path = RecordCalendarWeeklyCollectionCell.swift; sourceTree = "<group>"; };
		F11A110C27DC5E9800E29A24 /* RecordCalendarDayCollectionViewCell.swift */ = {isa = PBXFileReference; lastKnownFileType = sourcecode.swift; path = RecordCalendarDayCollectionViewCell.swift; sourceTree = "<group>"; };
		F11A110E27DC667300E29A24 /* RecordCalendarViewModel.swift */ = {isa = PBXFileReference; lastKnownFileType = sourcecode.swift; path = RecordCalendarViewModel.swift; sourceTree = "<group>"; };
/* End PBXFileReference section */

/* Begin PBXFrameworksBuildPhase section */
		A963E62B27C648A200DAF770 /* Frameworks */ = {
			isa = PBXFrameworksBuildPhase;
			buildActionMask = 2147483647;
			files = (
				3EB0B354489CE90012055769 /* Pods_MoodStation.framework in Frameworks */,
			);
			runOnlyForDeploymentPostprocessing = 0;
		};
		A963E64127C648A400DAF770 /* Frameworks */ = {
			isa = PBXFrameworksBuildPhase;
			buildActionMask = 2147483647;
			files = (
				761E7951A7DA378270FC9C29 /* Pods_MoodStationTests.framework in Frameworks */,
			);
			runOnlyForDeploymentPostprocessing = 0;
		};
		A963E64B27C648A400DAF770 /* Frameworks */ = {
			isa = PBXFrameworksBuildPhase;
			buildActionMask = 2147483647;
			files = (
				5C3D1569CEA1FB53139F4818 /* Pods_MoodStation_MoodStationUITests.framework in Frameworks */,
			);
			runOnlyForDeploymentPostprocessing = 0;
		};
/* End PBXFrameworksBuildPhase section */

/* Begin PBXGroup section */
		34309F4327C85BAA00F54FE3 /* Home */ = {
			isa = PBXGroup;
			children = (
				34309F4627C85BDE00F54FE3 /* HomeViewController.swift */,
				34309F4C27C85C4F00F54FE3 /* HomeViewModel.swift */,
				A997606D27DF7684008F70E2 /* HomeView.swift */,
				A9F1268427E1EDE100C53466 /* SubViews */,
			);
			path = Home;
			sourceTree = "<group>";
		};
		34309F4427C85BAC00F54FE3 /* Share */ = {
			isa = PBXGroup;
			children = (
				34309F4827C85BEB00F54FE3 /* ShareViewController.swift */,
				34309F4E27C85C6500F54FE3 /* ShareViewModel.swift */,
			);
			path = Share;
			sourceTree = "<group>";
		};
		34309F4527C85BB400F54FE3 /* Settings */ = {
			isa = PBXGroup;
			children = (
				34309F4A27C85BF500F54FE3 /* SettingsViewController.swift */,
				34309F5027C85C7700F54FE3 /* SettingsViewModel.swift */,
				A997606427DF66E5008F70E2 /* SettingsView.swift */,
				A997606627DF67E0008F70E2 /* SettingsListViewCell.swift */,
				A93DB85627DE328C00C6920B /* UserTableViewCell.swift */,
				A93DB85127DE31D500C6920B /* CrewInfo */,
				A997606827DF7011008F70E2 /* ContactUs */,
			);
			path = Settings;
			sourceTree = "<group>";
		};
		62090D29E85122EC2AE7E398 /* Frameworks */ = {
			isa = PBXGroup;
			children = (
				BCE592448F23982F1C098EE8 /* Pods_MoodStation.framework */,
				7E9AEBEF8539A77A071E7B7D /* Pods_MoodStation_MoodStationUITests.framework */,
				9094B0114BF82207A6E84CEB /* Pods_MoodStationTests.framework */,
			);
			name = Frameworks;
			sourceTree = "<group>";
		};
		7645D2196BEE5492FD0513B8 /* Pods */ = {
			isa = PBXGroup;
			children = (
				8554F1D67D75FDAA6530D087 /* Pods-MoodStation.debug.xcconfig */,
				88AE66616A50C489F5F9196F /* Pods-MoodStation.release.xcconfig */,
				2E80FF9C16305F3E518A7761 /* Pods-MoodStation-MoodStationUITests.debug.xcconfig */,
				16F377E057AB68E8A586A76F /* Pods-MoodStation-MoodStationUITests.release.xcconfig */,
				49832C8378816691891F40D3 /* Pods-MoodStationTests.debug.xcconfig */,
				D6278565DA2671DBE78CF191 /* Pods-MoodStationTests.release.xcconfig */,
			);
			path = Pods;
			sourceTree = "<group>";
		};
		A93DB85127DE31D500C6920B /* CrewInfo */ = {
			isa = PBXGroup;
			children = (
				A93DB85227DE31EC00C6920B /* CrewInfoViewController.swift */,
				A93DB85427DE321200C6920B /* CrewInfoViewModel.swift */,
				A997605E27DF33A9008F70E2 /* CrewInfoView.swift */,
			);
			path = CrewInfo;
			sourceTree = "<group>";
		};
		A963E62527C648A200DAF770 = {
			isa = PBXGroup;
			children = (
				A963E63027C648A200DAF770 /* MoodStation */,
				A963E64727C648A400DAF770 /* MoodStationTests */,
				A963E65127C648A400DAF770 /* MoodStationUITests */,
				A963E62F27C648A200DAF770 /* Products */,
				7645D2196BEE5492FD0513B8 /* Pods */,
				62090D29E85122EC2AE7E398 /* Frameworks */,
			);
			sourceTree = "<group>";
		};
		A963E62F27C648A200DAF770 /* Products */ = {
			isa = PBXGroup;
			children = (
				A963E62E27C648A200DAF770 /* MoodStation.app */,
				A963E64427C648A400DAF770 /* MoodStationTests.xctest */,
				A963E64E27C648A400DAF770 /* MoodStationUITests.xctest */,
			);
			name = Products;
			sourceTree = "<group>";
		};
		A963E63027C648A200DAF770 /* MoodStation */ = {
			isa = PBXGroup;
			children = (
				F11A10E327D337A300E29A24 /* Common */,
				F11A10A527C65A8300E29A24 /* Model */,
				F11A10AC27C65BFE00E29A24 /* Utils */,
				F11A10A227C651C700E29A24 /* Extension */,
				F11A10AD27C7A40700E29A24 /* Intro */,
				F11A10BE27CDF41200E29A24 /* Sign */,
				34309F4327C85BAA00F54FE3 /* Home */,
				34309F4427C85BAC00F54FE3 /* Share */,
				34309F4527C85BB400F54FE3 /* Settings */,
				F11A10EE27D472EB00E29A24 /* Record */,
				34309F4127C85B6300F54FE3 /* MainViewController.swift */,
				A963E63127C648A200DAF770 /* AppDelegate.swift */,
				A963E63327C648A200DAF770 /* SceneDelegate.swift */,
				A963E63A27C648A300DAF770 /* Assets.xcassets */,
				A963E63C27C648A300DAF770 /* LaunchScreen.storyboard */,
				A963E63F27C648A300DAF770 /* Info.plist */,
			);
			path = MoodStation;
			sourceTree = "<group>";
		};
		A963E64727C648A400DAF770 /* MoodStationTests */ = {
			isa = PBXGroup;
			children = (
				A963E64827C648A400DAF770 /* MoodStationTests.swift */,
			);
			path = MoodStationTests;
			sourceTree = "<group>";
		};
		A963E65127C648A400DAF770 /* MoodStationUITests */ = {
			isa = PBXGroup;
			children = (
				A963E65227C648A400DAF770 /* MoodStationUITests.swift */,
				A963E65427C648A400DAF770 /* MoodStationUITestsLaunchTests.swift */,
			);
			path = MoodStationUITests;
			sourceTree = "<group>";
		};
		A997606827DF7011008F70E2 /* ContactUs */ = {
			isa = PBXGroup;
			children = (
				A997606927DF7026008F70E2 /* ContactViewController.swift */,
				A999D4AD27E0C60B001A6AE3 /* ContactView.swift */,
			);
			path = ContactUs;
			sourceTree = "<group>";
		};
		A9F1268427E1EDE100C53466 /* SubViews */ = {
			isa = PBXGroup;
			children = (
				A91FDA7A27DCA11C003542A2 /* RecordListHeaderView.swift */,
				A92B615327CFA9EE001FBE3E /* RecordListCell.swift */,
				A91FDA7C27DCA1DD003542A2 /* RecordListEmptyCell.swift */,
				A92B615727CFAAFA001FBE3E /* KeywordCollectionCell.swift */,
			);
			path = SubViews;
			sourceTree = "<group>";
		};
		F11A10A227C651C700E29A24 /* Extension */ = {
			isa = PBXGroup;
			children = (
				F11A10EC27D3875100E29A24 /* Array+.swift */,
				F11A10A327C651CE00E29A24 /* UIColor+.swift */,
				F11A10B027C7AA8A00E29A24 /* UIFont+.swift */,
				341F620A27C8645C00296C49 /* UserDefaults+.swift */,
				A92B615B27CFAB89001FBE3E /* NSObject+.swift */,
				F11A10EA27D3843F00E29A24 /* UITableView+.swift */,
				F11A10F627D473C900E29A24 /* UICollectionView+.swift */,
				F11A110527D4871B00E29A24 /* AttributedString+.swift */,
				A91FDA7827DB3771003542A2 /* UIView+.swift */,
			);
			path = Extension;
			sourceTree = "<group>";
		};
		F11A10A527C65A8300E29A24 /* Model */ = {
			isa = PBXGroup;
			children = (
				F11A10A627C65A9100E29A24 /* Record.swift */,
				A91FDA7427DB2BA6003542A2 /* MonthlyBundle.swift */,
			);
			path = Model;
			sourceTree = "<group>";
		};
		F11A10AC27C65BFE00E29A24 /* Utils */ = {
			isa = PBXGroup;
			children = (
				F11A10A827C65A9800E29A24 /* Repository.swift */,
				F11A10AA27C65AA100E29A24 /* ServerRepository.swift */,
				A92B615527CFAA0B001FBE3E /* Configurable.swift */,
				A91FDA7627DB2C5B003542A2 /* DateHandler.swift */,
			);
			path = Utils;
			sourceTree = "<group>";
		};
		F11A10AD27C7A40700E29A24 /* Intro */ = {
			isa = PBXGroup;
			children = (
				F11A10AE27C7A5A100E29A24 /* IntroViewController.swift */,
			);
			path = Intro;
			sourceTree = "<group>";
		};
		F11A10BE27CDF41200E29A24 /* Sign */ = {
			isa = PBXGroup;
			children = (
				F11A10BF27CDF42C00E29A24 /* SignIn */,
				F11A10C027CDF43000E29A24 /* SignUp */,
			);
			path = Sign;
			sourceTree = "<group>";
		};
		F11A10BF27CDF42C00E29A24 /* SignIn */ = {
			isa = PBXGroup;
			children = (
				F11A10C127CDF44500E29A24 /* SignInViewController.swift */,
				F11A10C327CDF44B00E29A24 /* SignInViewModel.swift */,
				F11A10C927CDF54E00E29A24 /* SignInView.swift */,
			);
			path = SignIn;
			sourceTree = "<group>";
		};
		F11A10C027CDF43000E29A24 /* SignUp */ = {
			isa = PBXGroup;
			children = (
				F11A10C727CDF46100E29A24 /* SignUpViewController.swift */,
				F11A10C527CDF45B00E29A24 /* SignUpViewModel.swift */,
				F11A10CB27CE01E000E29A24 /* SignUpView.swift */,
			);
			path = SignUp;
			sourceTree = "<group>";
		};
		F11A10E327D337A300E29A24 /* Common */ = {
			isa = PBXGroup;
			children = (
				F11A10E427D337A900E29A24 /* NavigationView.swift */,
				F11A10E627D37C1400E29A24 /* TextOnlyTableViewCell.swift */,
				F11A10E827D3805100E29A24 /* TextFieldOnlyTableViewCell.swift */,
				F11A10F827D4746F00E29A24 /* TextOnlyCollectionViewCell.swift */,
				A903D23627D357D200B3BF3C /* LeftAlignedCollectionViewFlowLayout.swift */,
			);
			path = Common;
			sourceTree = "<group>";
		};
		F11A10EE27D472EB00E29A24 /* Record */ = {
			isa = PBXGroup;
			children = (
				F11A110727DC58C900E29A24 /* Calendar */,
				F11A10FE27D47A0600E29A24 /* Cell */,
				F11A10EF27D4734400E29A24 /* RecordViewController.swift */,
				F11A10F127D4734A00E29A24 /* RecordViewModel.swift */,
				F11A10F327D4734F00E29A24 /* RecordView.swift */,
			);
			path = Record;
			sourceTree = "<group>";
		};
		F11A10FE27D47A0600E29A24 /* Cell */ = {
			isa = PBXGroup;
			children = (
				F11A10FA27D4799600E29A24 /* RecordColorChipsCell.swift */,
				F11A110327D4814000E29A24 /* RecordColorChipCollectionViewCell.swift */,
				F11A10FC27D479B800E29A24 /* RecordKeywordCell.swift */,
				F11A10FF27D47A3800E29A24 /* RecordImageViewCell.swift */,
				F11A110127D47A4C00E29A24 /* RecordSingleRecordingCell.swift */,
			);
			path = Cell;
			sourceTree = "<group>";
		};
		F11A110727DC58C900E29A24 /* Calendar */ = {
			isa = PBXGroup;
			children = (
				F11A110827DC596E00E29A24 /* RecordCalendarView.swift */,
				F11A110E27DC667300E29A24 /* RecordCalendarViewModel.swift */,
				F11A110A27DC5E7500E29A24 /* RecordCalendarWeeklyCollectionCell.swift */,
				F11A110C27DC5E9800E29A24 /* RecordCalendarDayCollectionViewCell.swift */,
			);
			path = Calendar;
			sourceTree = "<group>";
		};
/* End PBXGroup section */

/* Begin PBXNativeTarget section */
		A963E62D27C648A200DAF770 /* MoodStation */ = {
			isa = PBXNativeTarget;
			buildConfigurationList = A963E65827C648A400DAF770 /* Build configuration list for PBXNativeTarget "MoodStation" */;
			buildPhases = (
				4FEEC6B2794B2352CA74F941 /* [CP] Check Pods Manifest.lock */,
				A963E62A27C648A200DAF770 /* Sources */,
				A963E62B27C648A200DAF770 /* Frameworks */,
				A963E62C27C648A200DAF770 /* Resources */,
				DCE60B6B6819744A36544DEF /* [CP] Embed Pods Frameworks */,
			);
			buildRules = (
			);
			dependencies = (
			);
			name = MoodStation;
			productName = MoodStation;
			productReference = A963E62E27C648A200DAF770 /* MoodStation.app */;
			productType = "com.apple.product-type.application";
		};
		A963E64327C648A400DAF770 /* MoodStationTests */ = {
			isa = PBXNativeTarget;
			buildConfigurationList = A963E65B27C648A400DAF770 /* Build configuration list for PBXNativeTarget "MoodStationTests" */;
			buildPhases = (
				774EA1578511332262DCC92E /* [CP] Check Pods Manifest.lock */,
				A963E64027C648A400DAF770 /* Sources */,
				A963E64127C648A400DAF770 /* Frameworks */,
				A963E64227C648A400DAF770 /* Resources */,
			);
			buildRules = (
			);
			dependencies = (
				A963E64627C648A400DAF770 /* PBXTargetDependency */,
			);
			name = MoodStationTests;
			productName = MoodStationTests;
			productReference = A963E64427C648A400DAF770 /* MoodStationTests.xctest */;
			productType = "com.apple.product-type.bundle.unit-test";
		};
		A963E64D27C648A400DAF770 /* MoodStationUITests */ = {
			isa = PBXNativeTarget;
			buildConfigurationList = A963E65E27C648A400DAF770 /* Build configuration list for PBXNativeTarget "MoodStationUITests" */;
			buildPhases = (
				B782706C8903B7F0B584373F /* [CP] Check Pods Manifest.lock */,
				A963E64A27C648A400DAF770 /* Sources */,
				A963E64B27C648A400DAF770 /* Frameworks */,
				A963E64C27C648A400DAF770 /* Resources */,
				253C467F1B31F81EAD303ABA /* [CP] Embed Pods Frameworks */,
			);
			buildRules = (
			);
			dependencies = (
				A963E65027C648A400DAF770 /* PBXTargetDependency */,
			);
			name = MoodStationUITests;
			productName = MoodStationUITests;
			productReference = A963E64E27C648A400DAF770 /* MoodStationUITests.xctest */;
			productType = "com.apple.product-type.bundle.ui-testing";
		};
/* End PBXNativeTarget section */

/* Begin PBXProject section */
		A963E62627C648A200DAF770 /* Project object */ = {
			isa = PBXProject;
			attributes = {
				BuildIndependentTargetsInParallel = 1;
				LastSwiftUpdateCheck = 1300;
				LastUpgradeCheck = 1300;
				TargetAttributes = {
					A963E62D27C648A200DAF770 = {
						CreatedOnToolsVersion = 13.0;
					};
					A963E64327C648A400DAF770 = {
						CreatedOnToolsVersion = 13.0;
						TestTargetID = A963E62D27C648A200DAF770;
					};
					A963E64D27C648A400DAF770 = {
						CreatedOnToolsVersion = 13.0;
						TestTargetID = A963E62D27C648A200DAF770;
					};
				};
			};
			buildConfigurationList = A963E62927C648A200DAF770 /* Build configuration list for PBXProject "MoodStation" */;
			compatibilityVersion = "Xcode 13.0";
			developmentRegion = en;
			hasScannedForEncodings = 0;
			knownRegions = (
				en,
				Base,
			);
			mainGroup = A963E62527C648A200DAF770;
			productRefGroup = A963E62F27C648A200DAF770 /* Products */;
			projectDirPath = "";
			projectRoot = "";
			targets = (
				A963E62D27C648A200DAF770 /* MoodStation */,
				A963E64327C648A400DAF770 /* MoodStationTests */,
				A963E64D27C648A400DAF770 /* MoodStationUITests */,
			);
		};
/* End PBXProject section */

/* Begin PBXResourcesBuildPhase section */
		A963E62C27C648A200DAF770 /* Resources */ = {
			isa = PBXResourcesBuildPhase;
			buildActionMask = 2147483647;
			files = (
				A963E63E27C648A300DAF770 /* LaunchScreen.storyboard in Resources */,
				A963E63B27C648A300DAF770 /* Assets.xcassets in Resources */,
			);
			runOnlyForDeploymentPostprocessing = 0;
		};
		A963E64227C648A400DAF770 /* Resources */ = {
			isa = PBXResourcesBuildPhase;
			buildActionMask = 2147483647;
			files = (
			);
			runOnlyForDeploymentPostprocessing = 0;
		};
		A963E64C27C648A400DAF770 /* Resources */ = {
			isa = PBXResourcesBuildPhase;
			buildActionMask = 2147483647;
			files = (
			);
			runOnlyForDeploymentPostprocessing = 0;
		};
/* End PBXResourcesBuildPhase section */

/* Begin PBXShellScriptBuildPhase section */
		253C467F1B31F81EAD303ABA /* [CP] Embed Pods Frameworks */ = {
			isa = PBXShellScriptBuildPhase;
			buildActionMask = 2147483647;
			files = (
			);
			inputFileListPaths = (
				"${PODS_ROOT}/Target Support Files/Pods-MoodStation-MoodStationUITests/Pods-MoodStation-MoodStationUITests-frameworks-${CONFIGURATION}-input-files.xcfilelist",
			);
			name = "[CP] Embed Pods Frameworks";
			outputFileListPaths = (
				"${PODS_ROOT}/Target Support Files/Pods-MoodStation-MoodStationUITests/Pods-MoodStation-MoodStationUITests-frameworks-${CONFIGURATION}-output-files.xcfilelist",
			);
			runOnlyForDeploymentPostprocessing = 0;
			shellPath = /bin/sh;
			shellScript = "\"${PODS_ROOT}/Target Support Files/Pods-MoodStation-MoodStationUITests/Pods-MoodStation-MoodStationUITests-frameworks.sh\"\n";
			showEnvVarsInLog = 0;
		};
		4FEEC6B2794B2352CA74F941 /* [CP] Check Pods Manifest.lock */ = {
			isa = PBXShellScriptBuildPhase;
			buildActionMask = 2147483647;
			files = (
			);
			inputFileListPaths = (
			);
			inputPaths = (
				"${PODS_PODFILE_DIR_PATH}/Podfile.lock",
				"${PODS_ROOT}/Manifest.lock",
			);
			name = "[CP] Check Pods Manifest.lock";
			outputFileListPaths = (
			);
			outputPaths = (
				"$(DERIVED_FILE_DIR)/Pods-MoodStation-checkManifestLockResult.txt",
			);
			runOnlyForDeploymentPostprocessing = 0;
			shellPath = /bin/sh;
			shellScript = "diff \"${PODS_PODFILE_DIR_PATH}/Podfile.lock\" \"${PODS_ROOT}/Manifest.lock\" > /dev/null\nif [ $? != 0 ] ; then\n    # print error to STDERR\n    echo \"error: The sandbox is not in sync with the Podfile.lock. Run 'pod install' or update your CocoaPods installation.\" >&2\n    exit 1\nfi\n# This output is used by Xcode 'outputs' to avoid re-running this script phase.\necho \"SUCCESS\" > \"${SCRIPT_OUTPUT_FILE_0}\"\n";
			showEnvVarsInLog = 0;
		};
		774EA1578511332262DCC92E /* [CP] Check Pods Manifest.lock */ = {
			isa = PBXShellScriptBuildPhase;
			buildActionMask = 2147483647;
			files = (
			);
			inputFileListPaths = (
			);
			inputPaths = (
				"${PODS_PODFILE_DIR_PATH}/Podfile.lock",
				"${PODS_ROOT}/Manifest.lock",
			);
			name = "[CP] Check Pods Manifest.lock";
			outputFileListPaths = (
			);
			outputPaths = (
				"$(DERIVED_FILE_DIR)/Pods-MoodStationTests-checkManifestLockResult.txt",
			);
			runOnlyForDeploymentPostprocessing = 0;
			shellPath = /bin/sh;
			shellScript = "diff \"${PODS_PODFILE_DIR_PATH}/Podfile.lock\" \"${PODS_ROOT}/Manifest.lock\" > /dev/null\nif [ $? != 0 ] ; then\n    # print error to STDERR\n    echo \"error: The sandbox is not in sync with the Podfile.lock. Run 'pod install' or update your CocoaPods installation.\" >&2\n    exit 1\nfi\n# This output is used by Xcode 'outputs' to avoid re-running this script phase.\necho \"SUCCESS\" > \"${SCRIPT_OUTPUT_FILE_0}\"\n";
			showEnvVarsInLog = 0;
		};
		B782706C8903B7F0B584373F /* [CP] Check Pods Manifest.lock */ = {
			isa = PBXShellScriptBuildPhase;
			buildActionMask = 2147483647;
			files = (
			);
			inputFileListPaths = (
			);
			inputPaths = (
				"${PODS_PODFILE_DIR_PATH}/Podfile.lock",
				"${PODS_ROOT}/Manifest.lock",
			);
			name = "[CP] Check Pods Manifest.lock";
			outputFileListPaths = (
			);
			outputPaths = (
				"$(DERIVED_FILE_DIR)/Pods-MoodStation-MoodStationUITests-checkManifestLockResult.txt",
			);
			runOnlyForDeploymentPostprocessing = 0;
			shellPath = /bin/sh;
			shellScript = "diff \"${PODS_PODFILE_DIR_PATH}/Podfile.lock\" \"${PODS_ROOT}/Manifest.lock\" > /dev/null\nif [ $? != 0 ] ; then\n    # print error to STDERR\n    echo \"error: The sandbox is not in sync with the Podfile.lock. Run 'pod install' or update your CocoaPods installation.\" >&2\n    exit 1\nfi\n# This output is used by Xcode 'outputs' to avoid re-running this script phase.\necho \"SUCCESS\" > \"${SCRIPT_OUTPUT_FILE_0}\"\n";
			showEnvVarsInLog = 0;
		};
		DCE60B6B6819744A36544DEF /* [CP] Embed Pods Frameworks */ = {
			isa = PBXShellScriptBuildPhase;
			buildActionMask = 2147483647;
			files = (
			);
			inputFileListPaths = (
				"${PODS_ROOT}/Target Support Files/Pods-MoodStation/Pods-MoodStation-frameworks-${CONFIGURATION}-input-files.xcfilelist",
			);
			name = "[CP] Embed Pods Frameworks";
			outputFileListPaths = (
				"${PODS_ROOT}/Target Support Files/Pods-MoodStation/Pods-MoodStation-frameworks-${CONFIGURATION}-output-files.xcfilelist",
			);
			runOnlyForDeploymentPostprocessing = 0;
			shellPath = /bin/sh;
			shellScript = "\"${PODS_ROOT}/Target Support Files/Pods-MoodStation/Pods-MoodStation-frameworks.sh\"\n";
			showEnvVarsInLog = 0;
		};
/* End PBXShellScriptBuildPhase section */

/* Begin PBXSourcesBuildPhase section */
		A963E62A27C648A200DAF770 /* Sources */ = {
			isa = PBXSourcesBuildPhase;
			buildActionMask = 2147483647;
			files = (
				A91FDA7D27DCA1DD003542A2 /* RecordListEmptyCell.swift in Sources */,
				A997606727DF67E0008F70E2 /* SettingsListViewCell.swift in Sources */,
				A92B615427CFA9EE001FBE3E /* RecordListCell.swift in Sources */,
				F11A10E727D37C1400E29A24 /* TextOnlyTableViewCell.swift in Sources */,
				F11A10C827CDF46100E29A24 /* SignUpViewController.swift in Sources */,
				A91FDA7527DB2BA6003542A2 /* MonthlyBundle.swift in Sources */,
				F11A10B127C7AA8A00E29A24 /* UIFont+.swift in Sources */,
				F11A10F027D4734400E29A24 /* RecordViewController.swift in Sources */,
				A91FDA7727DB2C5B003542A2 /* DateHandler.swift in Sources */,
				A91FDA7927DB3771003542A2 /* UIView+.swift in Sources */,
				34309F4927C85BEB00F54FE3 /* ShareViewController.swift in Sources */,
				F11A10ED27D3875100E29A24 /* Array+.swift in Sources */,
				F11A10CC27CE01E000E29A24 /* SignUpView.swift in Sources */,
				A963E63227C648A200DAF770 /* AppDelegate.swift in Sources */,
				A92B615627CFAA0B001FBE3E /* Configurable.swift in Sources */,
				F11A10C427CDF44B00E29A24 /* SignInViewModel.swift in Sources */,
				F11A10EB27D3843F00E29A24 /* UITableView+.swift in Sources */,
				F11A10AB27C65AA100E29A24 /* ServerRepository.swift in Sources */,
				341F620B27C8645C00296C49 /* UserDefaults+.swift in Sources */,
				A997606527DF66E5008F70E2 /* SettingsView.swift in Sources */,
				F11A110627D4871B00E29A24 /* AttributedString+.swift in Sources */,
				F11A110227D47A4C00E29A24 /* RecordSingleRecordingCell.swift in Sources */,
				34309F4F27C85C6500F54FE3 /* ShareViewModel.swift in Sources */,
				A997605F27DF33A9008F70E2 /* CrewInfoView.swift in Sources */,
				A91FDA7B27DCA11C003542A2 /* RecordListHeaderView.swift in Sources */,
				F11A10F427D4734F00E29A24 /* RecordView.swift in Sources */,
				34309F5127C85C7700F54FE3 /* SettingsViewModel.swift in Sources */,
				A93DB85727DE328C00C6920B /* UserTableViewCell.swift in Sources */,
				F11A10C227CDF44500E29A24 /* SignInViewController.swift in Sources */,
				F11A10F227D4734A00E29A24 /* RecordViewModel.swift in Sources */,
				A997606A27DF7026008F70E2 /* ContactViewController.swift in Sources */,
				F11A110927DC596E00E29A24 /* RecordCalendarView.swift in Sources */,
				F11A10AF27C7A5A100E29A24 /* IntroViewController.swift in Sources */,
				A997606E27DF7684008F70E2 /* HomeView.swift in Sources */,
				F11A110027D47A3800E29A24 /* RecordImageViewCell.swift in Sources */,
				F11A110427D4814000E29A24 /* RecordColorChipCollectionViewCell.swift in Sources */,
				F11A10F927D4746F00E29A24 /* TextOnlyCollectionViewCell.swift in Sources */,
				F11A10E527D337A900E29A24 /* NavigationView.swift in Sources */,
				F11A10A727C65A9100E29A24 /* Record.swift in Sources */,
				F11A10C627CDF45B00E29A24 /* SignUpViewModel.swift in Sources */,
				F11A110F27DC667300E29A24 /* RecordCalendarViewModel.swift in Sources */,
				F11A10CA27CDF54E00E29A24 /* SignInView.swift in Sources */,
				F11A110D27DC5E9800E29A24 /* RecordCalendarDayCollectionViewCell.swift in Sources */,
				A93DB85527DE321200C6920B /* CrewInfoViewModel.swift in Sources */,
				34309F4727C85BDE00F54FE3 /* HomeViewController.swift in Sources */,
				A903D23727D357D200B3BF3C /* LeftAlignedCollectionViewFlowLayout.swift in Sources */,
				A963E63427C648A200DAF770 /* SceneDelegate.swift in Sources */,
				34309F4D27C85C4F00F54FE3 /* HomeViewModel.swift in Sources */,
				A93DB85327DE31EC00C6920B /* CrewInfoViewController.swift in Sources */,
				F11A10FD27D479B800E29A24 /* RecordKeywordCell.swift in Sources */,
				34309F4227C85B6300F54FE3 /* MainViewController.swift in Sources */,
				A999D4AE27E0C60B001A6AE3 /* ContactView.swift in Sources */,
				F11A10A427C651CE00E29A24 /* UIColor+.swift in Sources */,
				A92B615827CFAAFA001FBE3E /* KeywordCollectionCell.swift in Sources */,
				A92B615C27CFAB89001FBE3E /* NSObject+.swift in Sources */,
				F11A10A927C65A9800E29A24 /* Repository.swift in Sources */,
				F11A10F727D473C900E29A24 /* UICollectionView+.swift in Sources */,
				34309F4B27C85BF500F54FE3 /* SettingsViewController.swift in Sources */,
				F11A10E927D3805100E29A24 /* TextFieldOnlyTableViewCell.swift in Sources */,
				F11A10FB27D4799600E29A24 /* RecordColorChipsCell.swift in Sources */,
				F11A110B27DC5E7500E29A24 /* RecordCalendarWeeklyCollectionCell.swift in Sources */,
			);
			runOnlyForDeploymentPostprocessing = 0;
		};
		A963E64027C648A400DAF770 /* Sources */ = {
			isa = PBXSourcesBuildPhase;
			buildActionMask = 2147483647;
			files = (
				A963E64927C648A400DAF770 /* MoodStationTests.swift in Sources */,
			);
			runOnlyForDeploymentPostprocessing = 0;
		};
		A963E64A27C648A400DAF770 /* Sources */ = {
			isa = PBXSourcesBuildPhase;
			buildActionMask = 2147483647;
			files = (
				A963E65527C648A400DAF770 /* MoodStationUITestsLaunchTests.swift in Sources */,
				A963E65327C648A400DAF770 /* MoodStationUITests.swift in Sources */,
			);
			runOnlyForDeploymentPostprocessing = 0;
		};
/* End PBXSourcesBuildPhase section */

/* Begin PBXTargetDependency section */
		A963E64627C648A400DAF770 /* PBXTargetDependency */ = {
			isa = PBXTargetDependency;
			target = A963E62D27C648A200DAF770 /* MoodStation */;
			targetProxy = A963E64527C648A400DAF770 /* PBXContainerItemProxy */;
		};
		A963E65027C648A400DAF770 /* PBXTargetDependency */ = {
			isa = PBXTargetDependency;
			target = A963E62D27C648A200DAF770 /* MoodStation */;
			targetProxy = A963E64F27C648A400DAF770 /* PBXContainerItemProxy */;
		};
/* End PBXTargetDependency section */

/* Begin PBXVariantGroup section */
		A963E63C27C648A300DAF770 /* LaunchScreen.storyboard */ = {
			isa = PBXVariantGroup;
			children = (
				A963E63D27C648A300DAF770 /* Base */,
			);
			name = LaunchScreen.storyboard;
			sourceTree = "<group>";
		};
/* End PBXVariantGroup section */

/* Begin XCBuildConfiguration section */
		A963E65627C648A400DAF770 /* Debug */ = {
			isa = XCBuildConfiguration;
			buildSettings = {
				ALWAYS_SEARCH_USER_PATHS = NO;
				CLANG_ANALYZER_NONNULL = YES;
				CLANG_ANALYZER_NUMBER_OBJECT_CONVERSION = YES_AGGRESSIVE;
				CLANG_CXX_LANGUAGE_STANDARD = "gnu++17";
				CLANG_CXX_LIBRARY = "libc++";
				CLANG_ENABLE_MODULES = YES;
				CLANG_ENABLE_OBJC_ARC = YES;
				CLANG_ENABLE_OBJC_WEAK = YES;
				CLANG_WARN_BLOCK_CAPTURE_AUTORELEASING = YES;
				CLANG_WARN_BOOL_CONVERSION = YES;
				CLANG_WARN_COMMA = YES;
				CLANG_WARN_CONSTANT_CONVERSION = YES;
				CLANG_WARN_DEPRECATED_OBJC_IMPLEMENTATIONS = YES;
				CLANG_WARN_DIRECT_OBJC_ISA_USAGE = YES_ERROR;
				CLANG_WARN_DOCUMENTATION_COMMENTS = YES;
				CLANG_WARN_EMPTY_BODY = YES;
				CLANG_WARN_ENUM_CONVERSION = YES;
				CLANG_WARN_INFINITE_RECURSION = YES;
				CLANG_WARN_INT_CONVERSION = YES;
				CLANG_WARN_NON_LITERAL_NULL_CONVERSION = YES;
				CLANG_WARN_OBJC_IMPLICIT_RETAIN_SELF = YES;
				CLANG_WARN_OBJC_LITERAL_CONVERSION = YES;
				CLANG_WARN_OBJC_ROOT_CLASS = YES_ERROR;
				CLANG_WARN_QUOTED_INCLUDE_IN_FRAMEWORK_HEADER = YES;
				CLANG_WARN_RANGE_LOOP_ANALYSIS = YES;
				CLANG_WARN_STRICT_PROTOTYPES = YES;
				CLANG_WARN_SUSPICIOUS_MOVE = YES;
				CLANG_WARN_UNGUARDED_AVAILABILITY = YES_AGGRESSIVE;
				CLANG_WARN_UNREACHABLE_CODE = YES;
				CLANG_WARN__DUPLICATE_METHOD_MATCH = YES;
				COPY_PHASE_STRIP = NO;
				DEBUG_INFORMATION_FORMAT = dwarf;
				ENABLE_STRICT_OBJC_MSGSEND = YES;
				ENABLE_TESTABILITY = YES;
				GCC_C_LANGUAGE_STANDARD = gnu11;
				GCC_DYNAMIC_NO_PIC = NO;
				GCC_NO_COMMON_BLOCKS = YES;
				GCC_OPTIMIZATION_LEVEL = 0;
				GCC_PREPROCESSOR_DEFINITIONS = (
					"DEBUG=1",
					"$(inherited)",
				);
				GCC_WARN_64_TO_32_BIT_CONVERSION = YES;
				GCC_WARN_ABOUT_RETURN_TYPE = YES_ERROR;
				GCC_WARN_UNDECLARED_SELECTOR = YES;
				GCC_WARN_UNINITIALIZED_AUTOS = YES_AGGRESSIVE;
				GCC_WARN_UNUSED_FUNCTION = YES;
				GCC_WARN_UNUSED_VARIABLE = YES;
				IPHONEOS_DEPLOYMENT_TARGET = 15.0;
				MTL_ENABLE_DEBUG_INFO = INCLUDE_SOURCE;
				MTL_FAST_MATH = YES;
				ONLY_ACTIVE_ARCH = YES;
				SDKROOT = iphoneos;
				SWIFT_ACTIVE_COMPILATION_CONDITIONS = DEBUG;
				SWIFT_OPTIMIZATION_LEVEL = "-Onone";
			};
			name = Debug;
		};
		A963E65727C648A400DAF770 /* Release */ = {
			isa = XCBuildConfiguration;
			buildSettings = {
				ALWAYS_SEARCH_USER_PATHS = NO;
				CLANG_ANALYZER_NONNULL = YES;
				CLANG_ANALYZER_NUMBER_OBJECT_CONVERSION = YES_AGGRESSIVE;
				CLANG_CXX_LANGUAGE_STANDARD = "gnu++17";
				CLANG_CXX_LIBRARY = "libc++";
				CLANG_ENABLE_MODULES = YES;
				CLANG_ENABLE_OBJC_ARC = YES;
				CLANG_ENABLE_OBJC_WEAK = YES;
				CLANG_WARN_BLOCK_CAPTURE_AUTORELEASING = YES;
				CLANG_WARN_BOOL_CONVERSION = YES;
				CLANG_WARN_COMMA = YES;
				CLANG_WARN_CONSTANT_CONVERSION = YES;
				CLANG_WARN_DEPRECATED_OBJC_IMPLEMENTATIONS = YES;
				CLANG_WARN_DIRECT_OBJC_ISA_USAGE = YES_ERROR;
				CLANG_WARN_DOCUMENTATION_COMMENTS = YES;
				CLANG_WARN_EMPTY_BODY = YES;
				CLANG_WARN_ENUM_CONVERSION = YES;
				CLANG_WARN_INFINITE_RECURSION = YES;
				CLANG_WARN_INT_CONVERSION = YES;
				CLANG_WARN_NON_LITERAL_NULL_CONVERSION = YES;
				CLANG_WARN_OBJC_IMPLICIT_RETAIN_SELF = YES;
				CLANG_WARN_OBJC_LITERAL_CONVERSION = YES;
				CLANG_WARN_OBJC_ROOT_CLASS = YES_ERROR;
				CLANG_WARN_QUOTED_INCLUDE_IN_FRAMEWORK_HEADER = YES;
				CLANG_WARN_RANGE_LOOP_ANALYSIS = YES;
				CLANG_WARN_STRICT_PROTOTYPES = YES;
				CLANG_WARN_SUSPICIOUS_MOVE = YES;
				CLANG_WARN_UNGUARDED_AVAILABILITY = YES_AGGRESSIVE;
				CLANG_WARN_UNREACHABLE_CODE = YES;
				CLANG_WARN__DUPLICATE_METHOD_MATCH = YES;
				COPY_PHASE_STRIP = NO;
				DEBUG_INFORMATION_FORMAT = "dwarf-with-dsym";
				ENABLE_NS_ASSERTIONS = NO;
				ENABLE_STRICT_OBJC_MSGSEND = YES;
				GCC_C_LANGUAGE_STANDARD = gnu11;
				GCC_NO_COMMON_BLOCKS = YES;
				GCC_WARN_64_TO_32_BIT_CONVERSION = YES;
				GCC_WARN_ABOUT_RETURN_TYPE = YES_ERROR;
				GCC_WARN_UNDECLARED_SELECTOR = YES;
				GCC_WARN_UNINITIALIZED_AUTOS = YES_AGGRESSIVE;
				GCC_WARN_UNUSED_FUNCTION = YES;
				GCC_WARN_UNUSED_VARIABLE = YES;
				IPHONEOS_DEPLOYMENT_TARGET = 15.0;
				MTL_ENABLE_DEBUG_INFO = NO;
				MTL_FAST_MATH = YES;
				SDKROOT = iphoneos;
				SWIFT_COMPILATION_MODE = wholemodule;
				SWIFT_OPTIMIZATION_LEVEL = "-O";
				VALIDATE_PRODUCT = YES;
			};
			name = Release;
		};
		A963E65927C648A400DAF770 /* Debug */ = {
			isa = XCBuildConfiguration;
			baseConfigurationReference = 8554F1D67D75FDAA6530D087 /* Pods-MoodStation.debug.xcconfig */;
			buildSettings = {
				ASSETCATALOG_COMPILER_APPICON_NAME = AppIcon;
				ASSETCATALOG_COMPILER_GLOBAL_ACCENT_COLOR_NAME = AccentColor;
				CODE_SIGN_IDENTITY = "Apple Development";
				CODE_SIGN_STYLE = Manual;
				CURRENT_PROJECT_VERSION = 1;
				DEVELOPMENT_TEAM = "";
				GENERATE_INFOPLIST_FILE = YES;
				INFOPLIST_FILE = MoodStation/Info.plist;
				INFOPLIST_KEY_UIApplicationSupportsIndirectInputEvents = YES;
				INFOPLIST_KEY_UILaunchStoryboardName = LaunchScreen;
				INFOPLIST_KEY_UISupportedInterfaceOrientations_iPad = "UIInterfaceOrientationPortrait UIInterfaceOrientationPortraitUpsideDown UIInterfaceOrientationLandscapeLeft UIInterfaceOrientationLandscapeRight";
				INFOPLIST_KEY_UISupportedInterfaceOrientations_iPhone = "UIInterfaceOrientationPortrait UIInterfaceOrientationLandscapeLeft UIInterfaceOrientationLandscapeRight";
				LD_RUNPATH_SEARCH_PATHS = (
					"$(inherited)",
					"@executable_path/Frameworks",
				);
				MARKETING_VERSION = 1.0;
				PRODUCT_BUNDLE_IDENTIFIER = com.moodstation.MoodStation;
				PRODUCT_NAME = "$(TARGET_NAME)";
				PROVISIONING_PROFILE_SPECIFIER = "";
				SWIFT_EMIT_LOC_STRINGS = YES;
				SWIFT_VERSION = 5.0;
				TARGETED_DEVICE_FAMILY = "1,2";
			};
			name = Debug;
		};
		A963E65A27C648A400DAF770 /* Release */ = {
			isa = XCBuildConfiguration;
			baseConfigurationReference = 88AE66616A50C489F5F9196F /* Pods-MoodStation.release.xcconfig */;
			buildSettings = {
				ASSETCATALOG_COMPILER_APPICON_NAME = AppIcon;
				ASSETCATALOG_COMPILER_GLOBAL_ACCENT_COLOR_NAME = AccentColor;
				CODE_SIGN_IDENTITY = "Apple Development";
				CODE_SIGN_STYLE = Manual;
				CURRENT_PROJECT_VERSION = 1;
				DEVELOPMENT_TEAM = "";
				GENERATE_INFOPLIST_FILE = YES;
				INFOPLIST_FILE = MoodStation/Info.plist;
				INFOPLIST_KEY_UIApplicationSupportsIndirectInputEvents = YES;
				INFOPLIST_KEY_UILaunchStoryboardName = LaunchScreen;
				INFOPLIST_KEY_UISupportedInterfaceOrientations_iPad = "UIInterfaceOrientationPortrait UIInterfaceOrientationPortraitUpsideDown UIInterfaceOrientationLandscapeLeft UIInterfaceOrientationLandscapeRight";
				INFOPLIST_KEY_UISupportedInterfaceOrientations_iPhone = "UIInterfaceOrientationPortrait UIInterfaceOrientationLandscapeLeft UIInterfaceOrientationLandscapeRight";
				LD_RUNPATH_SEARCH_PATHS = (
					"$(inherited)",
					"@executable_path/Frameworks",
				);
				MARKETING_VERSION = 1.0;
				PRODUCT_BUNDLE_IDENTIFIER = com.moodstation.MoodStation;
				PRODUCT_NAME = "$(TARGET_NAME)";
				PROVISIONING_PROFILE_SPECIFIER = "";
				SWIFT_EMIT_LOC_STRINGS = YES;
				SWIFT_VERSION = 5.0;
				TARGETED_DEVICE_FAMILY = "1,2";
			};
			name = Release;
		};
		A963E65C27C648A400DAF770 /* Debug */ = {
			isa = XCBuildConfiguration;
			baseConfigurationReference = 49832C8378816691891F40D3 /* Pods-MoodStationTests.debug.xcconfig */;
			buildSettings = {
				ALWAYS_EMBED_SWIFT_STANDARD_LIBRARIES = YES;
				BUNDLE_LOADER = "$(TEST_HOST)";
				CODE_SIGN_STYLE = Automatic;
				CURRENT_PROJECT_VERSION = 1;
				GENERATE_INFOPLIST_FILE = YES;
				IPHONEOS_DEPLOYMENT_TARGET = 15.0;
				LD_RUNPATH_SEARCH_PATHS = (
					"$(inherited)",
					"@executable_path/Frameworks",
					"@loader_path/Frameworks",
				);
				MARKETING_VERSION = 1.0;
				PRODUCT_BUNDLE_IDENTIFIER = com.moodstation.MoodStationTests;
				PRODUCT_NAME = "$(TARGET_NAME)";
				SWIFT_EMIT_LOC_STRINGS = NO;
				SWIFT_VERSION = 5.0;
				TARGETED_DEVICE_FAMILY = "1,2";
				TEST_HOST = "$(BUILT_PRODUCTS_DIR)/MoodStation.app/MoodStation";
			};
			name = Debug;
		};
		A963E65D27C648A400DAF770 /* Release */ = {
			isa = XCBuildConfiguration;
			baseConfigurationReference = D6278565DA2671DBE78CF191 /* Pods-MoodStationTests.release.xcconfig */;
			buildSettings = {
				ALWAYS_EMBED_SWIFT_STANDARD_LIBRARIES = YES;
				BUNDLE_LOADER = "$(TEST_HOST)";
				CODE_SIGN_STYLE = Automatic;
				CURRENT_PROJECT_VERSION = 1;
				GENERATE_INFOPLIST_FILE = YES;
				IPHONEOS_DEPLOYMENT_TARGET = 15.0;
				LD_RUNPATH_SEARCH_PATHS = (
					"$(inherited)",
					"@executable_path/Frameworks",
					"@loader_path/Frameworks",
				);
				MARKETING_VERSION = 1.0;
				PRODUCT_BUNDLE_IDENTIFIER = com.moodstation.MoodStationTests;
				PRODUCT_NAME = "$(TARGET_NAME)";
				SWIFT_EMIT_LOC_STRINGS = NO;
				SWIFT_VERSION = 5.0;
				TARGETED_DEVICE_FAMILY = "1,2";
				TEST_HOST = "$(BUILT_PRODUCTS_DIR)/MoodStation.app/MoodStation";
			};
			name = Release;
		};
		A963E65F27C648A400DAF770 /* Debug */ = {
			isa = XCBuildConfiguration;
			baseConfigurationReference = 2E80FF9C16305F3E518A7761 /* Pods-MoodStation-MoodStationUITests.debug.xcconfig */;
			buildSettings = {
				ALWAYS_EMBED_SWIFT_STANDARD_LIBRARIES = YES;
				CODE_SIGN_STYLE = Automatic;
				CURRENT_PROJECT_VERSION = 1;
				GENERATE_INFOPLIST_FILE = YES;
				LD_RUNPATH_SEARCH_PATHS = (
					"$(inherited)",
					"@executable_path/Frameworks",
					"@loader_path/Frameworks",
				);
				MARKETING_VERSION = 1.0;
				PRODUCT_BUNDLE_IDENTIFIER = com.moodstation.MoodStationUITests;
				PRODUCT_NAME = "$(TARGET_NAME)";
				SWIFT_EMIT_LOC_STRINGS = NO;
				SWIFT_VERSION = 5.0;
				TARGETED_DEVICE_FAMILY = "1,2";
				TEST_TARGET_NAME = MoodStation;
			};
			name = Debug;
		};
		A963E66027C648A400DAF770 /* Release */ = {
			isa = XCBuildConfiguration;
			baseConfigurationReference = 16F377E057AB68E8A586A76F /* Pods-MoodStation-MoodStationUITests.release.xcconfig */;
			buildSettings = {
				ALWAYS_EMBED_SWIFT_STANDARD_LIBRARIES = YES;
				CODE_SIGN_STYLE = Automatic;
				CURRENT_PROJECT_VERSION = 1;
				GENERATE_INFOPLIST_FILE = YES;
				LD_RUNPATH_SEARCH_PATHS = (
					"$(inherited)",
					"@executable_path/Frameworks",
					"@loader_path/Frameworks",
				);
				MARKETING_VERSION = 1.0;
				PRODUCT_BUNDLE_IDENTIFIER = com.moodstation.MoodStationUITests;
				PRODUCT_NAME = "$(TARGET_NAME)";
				SWIFT_EMIT_LOC_STRINGS = NO;
				SWIFT_VERSION = 5.0;
				TARGETED_DEVICE_FAMILY = "1,2";
				TEST_TARGET_NAME = MoodStation;
			};
			name = Release;
		};
/* End XCBuildConfiguration section */

/* Begin XCConfigurationList section */
		A963E62927C648A200DAF770 /* Build configuration list for PBXProject "MoodStation" */ = {
			isa = XCConfigurationList;
			buildConfigurations = (
				A963E65627C648A400DAF770 /* Debug */,
				A963E65727C648A400DAF770 /* Release */,
			);
			defaultConfigurationIsVisible = 0;
			defaultConfigurationName = Release;
		};
		A963E65827C648A400DAF770 /* Build configuration list for PBXNativeTarget "MoodStation" */ = {
			isa = XCConfigurationList;
			buildConfigurations = (
				A963E65927C648A400DAF770 /* Debug */,
				A963E65A27C648A400DAF770 /* Release */,
			);
			defaultConfigurationIsVisible = 0;
			defaultConfigurationName = Release;
		};
		A963E65B27C648A400DAF770 /* Build configuration list for PBXNativeTarget "MoodStationTests" */ = {
			isa = XCConfigurationList;
			buildConfigurations = (
				A963E65C27C648A400DAF770 /* Debug */,
				A963E65D27C648A400DAF770 /* Release */,
			);
			defaultConfigurationIsVisible = 0;
			defaultConfigurationName = Release;
		};
		A963E65E27C648A400DAF770 /* Build configuration list for PBXNativeTarget "MoodStationUITests" */ = {
			isa = XCConfigurationList;
			buildConfigurations = (
				A963E65F27C648A400DAF770 /* Debug */,
				A963E66027C648A400DAF770 /* Release */,
			);
			defaultConfigurationIsVisible = 0;
			defaultConfigurationName = Release;
		};
/* End XCConfigurationList section */
	};
	rootObject = A963E62627C648A200DAF770 /* Project object */;
}
